{
  "name": "2pkt-problog-on-js",
  "version": "1.0.0",
  "lockfileVersion": 2,
  "requires": true,
  "packages": {
    "": {
      "name": "2pkt-problog-on-js",
      "version": "1.0.0",
      "license": "ISC",
      "dependencies": {
        "@tuprolog/2p-bdd": "^0.20.3",
        "@tuprolog/2p-core": "^0.20.3",
        "@tuprolog/2p-parser-core": "^0.20.3",
        "@tuprolog/2p-parser-js": "^0.20.3",
        "@tuprolog/2p-parser-theory": "^0.20.3",
        "@tuprolog/2p-solve": "^0.20.3",
        "@tuprolog/2p-solve-classic": "^0.20.3",
        "@tuprolog/2p-solve-plp": "^0.20.3",
        "@tuprolog/2p-solve-problog": "^0.20.3",
        "@tuprolog/2p-theory": "^0.20.3",
        "@tuprolog/2p-unify": "^0.20.3",
        "@tuprolog/2p-utils": "^0.20.3",
        "@tuprolog/parser-utils": "^0.4.1",
        "kotlin": "^1.5.31",
        "kt-math": "^0.4.0"
      }
    },
    "node_modules/@tuprolog/2p-bdd": {
      "version": "0.20.3",
      "resolved": "https://registry.npmjs.org/@tuprolog/2p-bdd/-/2p-bdd-0.20.3.tgz",
      "integrity": "sha512-jJ63fKfBojs79MG7YHKAmhABJ9fsijl4ES5us9uhEluL0ApJRHbmrCAkwM/rX3aBLJUw78h8ZnVXrBOy0TeFiQ=="
    },
    "node_modules/@tuprolog/2p-core": {
      "version": "0.20.3",
      "resolved": "https://registry.npmjs.org/@tuprolog/2p-core/-/2p-core-0.20.3.tgz",
      "integrity": "sha512-tHpwe9FKzD51aK0zbyxJI+zbymqKN73gk+wdvrpkx5PPfufKFbR8ui+vYX2BTtdIrwBDI7pm+rKq0enLztzX/w=="
    },
    "node_modules/@tuprolog/2p-parser-core": {
      "version": "0.20.3",
      "resolved": "https://registry.npmjs.org/@tuprolog/2p-parser-core/-/2p-parser-core-0.20.3.tgz",
      "integrity": "sha512-gU+V04RwIkYhl5hKXuih51BRoFnxc1YEJ7rGX+nkKVIProJSP3xAyo0L2+UMK6GhJPa+27FtZNl3N2/Ycb16gg=="
    },
    "node_modules/@tuprolog/2p-parser-js": {
      "version": "0.20.3",
      "resolved": "https://registry.npmjs.org/@tuprolog/2p-parser-js/-/2p-parser-js-0.20.3.tgz",
      "integrity": "sha512-xKawBGjFfs13BRTDQurnKV26tE81bcPJuuYH07L0gCKzfpXn8jqGsW+BNxivzukW+UYonwOdTD0/PFg6mhxQAg==",
      "dependencies": {
        "@tuprolog/parser-utils": "0.4.1"
      }
    },
    "node_modules/@tuprolog/2p-parser-theory": {
      "version": "0.20.3",
      "resolved": "https://registry.npmjs.org/@tuprolog/2p-parser-theory/-/2p-parser-theory-0.20.3.tgz",
      "integrity": "sha512-GLeRnYn0zyK2qNqyEI8abdcW8fmbrqSb4hsEBx7jDvW44JBKvh3TngtyX/b3xgZGKk1YArMJlecYSYF3gDGiSQ=="
    },
    "node_modules/@tuprolog/2p-solve": {
      "version": "0.20.3",
      "resolved": "https://registry.npmjs.org/@tuprolog/2p-solve/-/2p-solve-0.20.3.tgz",
      "integrity": "sha512-lP5kWcyRbxBwrTD78HmycwfLBNhvdBHujFyts8ytNiensXibc3NGyXhN6t42PdeWlWS8XxebAfcX7tpKknFd1Q=="
    },
    "node_modules/@tuprolog/2p-solve-classic": {
      "version": "0.20.3",
      "resolved": "https://registry.npmjs.org/@tuprolog/2p-solve-classic/-/2p-solve-classic-0.20.3.tgz",
      "integrity": "sha512-QtQzcB4pMSe8gMtHWPtFbwo9rWZ0n8x8dJTdN/hP2H2WmohVYwj6eLR5X5o2aLf1FhpLJ+EodF0m7KfJRN3oNA=="
    },
    "node_modules/@tuprolog/2p-solve-plp": {
      "version": "0.20.3",
      "resolved": "https://registry.npmjs.org/@tuprolog/2p-solve-plp/-/2p-solve-plp-0.20.3.tgz",
      "integrity": "sha512-a8tCWw17ydeQaKuzSidAlmFGcv5LD5+y2JluQo9+RuHx8cHwiVtwgLiW2xvSobX4fj95zrNhpoyF9+DtRc9dTw=="
    },
    "node_modules/@tuprolog/2p-solve-problog": {
      "version": "0.20.3",
      "resolved": "https://registry.npmjs.org/@tuprolog/2p-solve-problog/-/2p-solve-problog-0.20.3.tgz",
      "integrity": "sha512-xjJcQ1MeTwQMuRiI0gUabaJWCxzKqEUN47s+aLqowxzcTXWyFBYsFfpyz20ulqijZTiXLMkXzw3+LKtVXCouZw=="
    },
    "node_modules/@tuprolog/2p-theory": {
      "version": "0.20.3",
      "resolved": "https://registry.npmjs.org/@tuprolog/2p-theory/-/2p-theory-0.20.3.tgz",
      "integrity": "sha512-18/p1nKmtZR/fwVFMk2srznPcXFIbMGN/l8HDvo5yTuvym0YzJt5aXR7C+tmPFggVa66bEayajlkPz0NC3/nIQ=="
    },
    "node_modules/@tuprolog/2p-unify": {
      "version": "0.20.3",
      "resolved": "https://registry.npmjs.org/@tuprolog/2p-unify/-/2p-unify-0.20.3.tgz",
      "integrity": "sha512-tDGcJHe1Nb874Cb/FR6tF1eikBb/6kdEhvHPYxR4oTuBEB6LCwI6wQz0nskmxu0VAOJNU9lhMzD6H2V++NtPAw=="
    },
    "node_modules/@tuprolog/2p-utils": {
      "version": "0.20.3",
      "resolved": "https://registry.npmjs.org/@tuprolog/2p-utils/-/2p-utils-0.20.3.tgz",
      "integrity": "sha512-R6rTWEYzVJ2ReMqYXjNC6hMGKXhawDbZ/cfP3JMDTaC9Jl2qv7/gZxAxuCVwqxfE3h15MlG51ztVMhFhwRIgDQ=="
    },
    "node_modules/@tuprolog/parser-utils": {
      "version": "0.4.1",
      "resolved": "https://registry.npmjs.org/@tuprolog/parser-utils/-/parser-utils-0.4.1.tgz",
      "integrity": "sha512-OV+KObgmHUyGPh9cwP6wdY/NCfPOAJkeHTjS/HND3fdcgk2dIFO+xq1mZ1lGOnDFUn4HZKOYxwwlsjtQNHFo1w==",
      "dependencies": {
        "antlr4": "4.9.1"
      }
    },
    "node_modules/antlr4": {
      "version": "4.9.1",
      "resolved": "https://registry.npmjs.org/antlr4/-/antlr4-4.9.1.tgz",
      "integrity": "sha512-sBI/Pf2aF5leFoAqx3S0if6IGX4vKDsWPHkVt0PfvZb8BnxrrVkNP4Tczc5cp/ZduhfNXvdQTOKRy7ihbql76g==",
      "engines": {
        "node": ">=14"
      }
    },
    "node_modules/kotlin": {
      "version": "1.5.31",
      "resolved": "https://registry.npmjs.org/kotlin/-/kotlin-1.5.31.tgz",
      "integrity": "sha512-xk7yiyTxSj1cedNRutq2zWoc9CYaTWb/kJEVHHDmWxzmQjwFl1uGVo7Jybp6NTELvaSAq0fXRSC/HSbk/059gw=="
    },
    "node_modules/kt-math": {
      "version": "0.4.0",
      "resolved": "https://registry.npmjs.org/kt-math/-/kt-math-0.4.0.tgz",
      "integrity": "sha512-NoNS+xGGB0mXy1leAgkGpPd2BIgOBS7Jm0p8htearrDQhhaGRbnGhRXZglj80j59oiLfawM08HbkgArsF6SpHA=="
    }
  },
  "dependencies": {
    "@tuprolog/2p-bdd": {
      "version": "0.20.3",
      "resolved": "https://registry.npmjs.org/@tuprolog/2p-bdd/-/2p-bdd-0.20.3.tgz",
      "integrity": "sha512-jJ63fKfBojs79MG7YHKAmhABJ9fsijl4ES5us9uhEluL0ApJRHbmrCAkwM/rX3aBLJUw78h8ZnVXrBOy0TeFiQ=="
    },
    "@tuprolog/2p-core": {
      "version": "0.20.3",
      "resolved": "https://registry.npmjs.org/@tuprolog/2p-core/-/2p-core-0.20.3.tgz",
      "integrity": "sha512-tHpwe9FKzD51aK0zbyxJI+zbymqKN73gk+wdvrpkx5PPfufKFbR8ui+vYX2BTtdIrwBDI7pm+rKq0enLztzX/w=="
    },
    "@tuprolog/2p-parser-core": {
      "version": "0.20.3",
      "resolved": "https://registry.npmjs.org/@tuprolog/2p-parser-core/-/2p-parser-core-0.20.3.tgz",
      "integrity": "sha512-gU+V04RwIkYhl5hKXuih51BRoFnxc1YEJ7rGX+nkKVIProJSP3xAyo0L2+UMK6GhJPa+27FtZNl3N2/Ycb16gg=="
    },
    "@tuprolog/2p-parser-js": {
      "version": "0.20.3",
      "resolved": "https://registry.npmjs.org/@tuprolog/2p-parser-js/-/2p-parser-js-0.20.3.tgz",
      "integrity": "sha512-xKawBGjFfs13BRTDQurnKV26tE81bcPJuuYH07L0gCKzfpXn8jqGsW+BNxivzukW+UYonwOdTD0/PFg6mhxQAg==",
      "requires": {
        "@tuprolog/parser-utils": "0.4.1"
      }
    },
    "@tuprolog/2p-parser-theory": {
      "version": "0.20.3",
      "resolved": "https://registry.npmjs.org/@tuprolog/2p-parser-theory/-/2p-parser-theory-0.20.3.tgz",
      "integrity": "sha512-GLeRnYn0zyK2qNqyEI8abdcW8fmbrqSb4hsEBx7jDvW44JBKvh3TngtyX/b3xgZGKk1YArMJlecYSYF3gDGiSQ=="
    },
    "@tuprolog/2p-solve": {
      "version": "0.20.3",
      "resolved": "https://registry.npmjs.org/@tuprolog/2p-solve/-/2p-solve-0.20.3.tgz",
      "integrity": "sha512-lP5kWcyRbxBwrTD78HmycwfLBNhvdBHujFyts8ytNiensXibc3NGyXhN6t42PdeWlWS8XxebAfcX7tpKknFd1Q=="
    },
    "@tuprolog/2p-solve-classic": {
      "version": "0.20.3",
      "resolved": "https://registry.npmjs.org/@tuprolog/2p-solve-classic/-/2p-solve-classic-0.20.3.tgz",
      "integrity": "sha512-QtQzcB4pMSe8gMtHWPtFbwo9rWZ0n8x8dJTdN/hP2H2WmohVYwj6eLR5X5o2aLf1FhpLJ+EodF0m7KfJRN3oNA=="
    },
    "@tuprolog/2p-solve-plp": {
      "version": "0.20.3",
      "resolved": "https://registry.npmjs.org/@tuprolog/2p-solve-plp/-/2p-solve-plp-0.20.3.tgz",
      "integrity": "sha512-a8tCWw17ydeQaKuzSidAlmFGcv5LD5+y2JluQo9+RuHx8cHwiVtwgLiW2xvSobX4fj95zrNhpoyF9+DtRc9dTw=="
    },
    "@tuprolog/2p-solve-problog": {
      "version": "0.20.3",
      "resolved": "https://registry.npmjs.org/@tuprolog/2p-solve-problog/-/2p-solve-problog-0.20.3.tgz",
      "integrity": "sha512-xjJcQ1MeTwQMuRiI0gUabaJWCxzKqEUN47s+aLqowxzcTXWyFBYsFfpyz20ulqijZTiXLMkXzw3+LKtVXCouZw=="
    },
    "@tuprolog/2p-theory": {
      "version": "0.20.3",
      "resolved": "https://registry.npmjs.org/@tuprolog/2p-theory/-/2p-theory-0.20.3.tgz",
      "integrity": "sha512-18/p1nKmtZR/fwVFMk2srznPcXFIbMGN/l8HDvo5yTuvym0YzJt5aXR7C+tmPFggVa66bEayajlkPz0NC3/nIQ=="
    },
    "@tuprolog/2p-unify": {
      "version": "0.20.3",
      "resolved": "https://registry.npmjs.org/@tuprolog/2p-unify/-/2p-unify-0.20.3.tgz",
      "integrity": "sha512-tDGcJHe1Nb874Cb/FR6tF1eikBb/6kdEhvHPYxR4oTuBEB6LCwI6wQz0nskmxu0VAOJNU9lhMzD6H2V++NtPAw=="
    },
    "@tuprolog/2p-utils": {
      "version": "0.20.3",
      "resolved": "https://registry.npmjs.org/@tuprolog/2p-utils/-/2p-utils-0.20.3.tgz",
      "integrity": "sha512-R6rTWEYzVJ2ReMqYXjNC6hMGKXhawDbZ/cfP3JMDTaC9Jl2qv7/gZxAxuCVwqxfE3h15MlG51ztVMhFhwRIgDQ=="
    },
    "@tuprolog/parser-utils": {
      "version": "0.4.1",
      "resolved": "https://registry.npmjs.org/@tuprolog/parser-utils/-/parser-utils-0.4.1.tgz",
      "integrity": "sha512-OV+KObgmHUyGPh9cwP6wdY/NCfPOAJkeHTjS/HND3fdcgk2dIFO+xq1mZ1lGOnDFUn4HZKOYxwwlsjtQNHFo1w==",
      "requires": {
        "antlr4": "4.9.1"
      }
    },
    "antlr4": {
      "version": "4.9.1",
      "resolved": "https://registry.npmjs.org/antlr4/-/antlr4-4.9.1.tgz",
      "integrity": "sha512-sBI/Pf2aF5leFoAqx3S0if6IGX4vKDsWPHkVt0PfvZb8BnxrrVkNP4Tczc5cp/ZduhfNXvdQTOKRy7ihbql76g=="
    },
    "kotlin": {
      "version": "1.5.31",
      "resolved": "https://registry.npmjs.org/kotlin/-/kotlin-1.5.31.tgz",
      "integrity": "sha512-xk7yiyTxSj1cedNRutq2zWoc9CYaTWb/kJEVHHDmWxzmQjwFl1uGVo7Jybp6NTELvaSAq0fXRSC/HSbk/059gw=="
    },
    "kt-math": {
      "version": "0.4.0",
      "resolved": "https://registry.npmjs.org/kt-math/-/kt-math-0.4.0.tgz",
      "integrity": "sha512-NoNS+xGGB0mXy1leAgkGpPd2BIgOBS7Jm0p8htearrDQhhaGRbnGhRXZglj80j59oiLfawM08HbkgArsF6SpHA=="
    }
  }
}
